
Microsoft Visual Studio Solution File, Format Version 12.00
# Visual Studio Version 16
VisualStudioVersion = 16.0.30114.105
MinimumVisualStudioVersion = 10.0.40219.1
Project("{9A19103F-16F7-4668-BE54-9A1E7A4F7556}") = "Shop", "Shop\Shop.csproj", "{26CE734A-5605-42D1-BC43-749212417F66}"
EndProject
Project("{FAE04EC0-301F-11D3-BF4B-00C04F79EFBC}") = "Entities", "Entities\Entities.csproj", "{5EB06919-2E04-4B5C-99C6-B3A8BD4CC484}"
EndProject
Project("{FAE04EC0-301F-11D3-BF4B-00C04F79EFBC}") = "Shop.DataAcces", "Shop.DataAcces\Shop.DataAcces.csproj", "{BC34E910-8947-4C74-B4D7-9D454E523F8F}"
EndProject
Global
	GlobalSection(SolutionConfigurationPlatforms) = preSolution
		Debug|Any CPU = Debug|Any CPU
		Release|Any CPU = Release|Any CPU
	EndGlobalSection
	GlobalSection(ProjectConfigurationPlatforms) = postSolution
		{26CE734A-5605-42D1-BC43-749212417F66}.Debug|Any CPU.ActiveCfg = Debug|Any CPU
		{26CE734A-5605-42D1-BC43-749212417F66}.Debug|Any CPU.Build.0 = Debug|Any CPU
		{26CE734A-5605-42D1-BC43-749212417F66}.Release|Any CPU.ActiveCfg = Release|Any CPU
		{26CE734A-5605-42D1-BC43-749212417F66}.Release|Any CPU.Build.0 = Release|Any CPU
		{5EB06919-2E04-4B5C-99C6-B3A8BD4CC484}.Debug|Any CPU.ActiveCfg = Debug|Any CPU
		{5EB06919-2E04-4B5C-99C6-B3A8BD4CC484}.Debug|Any CPU.Build.0 = Debug|Any CPU
		{5EB06919-2E04-4B5C-99C6-B3A8BD4CC484}.Release|Any CPU.ActiveCfg = Release|Any CPU
		{5EB06919-2E04-4B5C-99C6-B3A8BD4CC484}.Release|Any CPU.Build.0 = Release|Any CPU
		{BC34E910-8947-4C74-B4D7-9D454E523F8F}.Debug|Any CPU.ActiveCfg = Debug|Any CPU
		{BC34E910-8947-4C74-B4D7-9D454E523F8F}.Debug|Any CPU.Build.0 = Debug|Any CPU
		{BC34E910-8947-4C74-B4D7-9D454E523F8F}.Release|Any CPU.ActiveCfg = Release|Any CPU
		{BC34E910-8947-4C74-B4D7-9D454E523F8F}.Release|Any CPU.Build.0 = Release|Any CPU
	EndGlobalSection
	GlobalSection(SolutionProperties) = preSolution
		HideSolutionNode = FALSE
	EndGlobalSection
	GlobalSection(ExtensibilityGlobals) = postSolution
		SolutionGuid = {A84E07F9-CB5A-415C-B07A-BE21D30A1D15}
	EndGlobalSection
EndGlobal
